
Microsoft Visual Studio Solution File, Format Version 12.00
# Visual Studio Version 16
VisualStudioVersion = 16.0.30717.126
MinimumVisualStudioVersion = 10.0.40219.1
Project("{FAE04EC0-301F-11D3-BF4B-00C04F79EFBC}") = "DSLDrivenRulesEngine", "DSLDrivenRulesEngine\DSLDrivenRulesEngine.csproj", "{0FA3357A-FCBF-491B-83EA-B0AD28015700}"
EndProject
Global
	GlobalSection(SolutionConfigurationPlatforms) = preSolution
		Debug|Any CPU = Debug|Any CPU
		Release|Any CPU = Release|Any CPU
	EndGlobalSection
	GlobalSection(ProjectConfigurationPlatforms) = postSolution
		{0FA3357A-FCBF-491B-83EA-B0AD28015700}.Debug|Any CPU.ActiveCfg = Debug|Any CPU
		{0FA3357A-FCBF-491B-83EA-B0AD28015700}.Debug|Any CPU.Build.0 = Debug|Any CPU
		{0FA3357A-FCBF-491B-83EA-B0AD28015700}.Release|Any CPU.ActiveCfg = Release|Any CPU
		{0FA3357A-FCBF-491B-83EA-B0AD28015700}.Release|Any CPU.Build.0 = Release|Any CPU
	EndGlobalSection
	GlobalSection(SolutionProperties) = preSolution
		HideSolutionNode = FALSE
	EndGlobalSection
	GlobalSection(ExtensibilityGlobals) = postSolution
		SolutionGuid = {263A5B80-94DE-4440-A77E-5C651961E69F}
	EndGlobalSection
EndGlobal
